
Microsoft Visual Studio Solution File, Format Version 12.00
# Visual Studio 15
VisualStudioVersion = 15.0.27004.2002
MinimumVisualStudioVersion = 10.0.40219.1
Project("{FAE04EC0-301F-11D3-BF4B-00C04F79EFBC}") = "DS", "DS\DS.csproj", "{4580308F-915C-425B-B50F-0FD1971E2764}"
EndProject
Project("{FAE04EC0-301F-11D3-BF4B-00C04F79EFBC}") = "DicBase", "DicBase\DicBase.csproj", "{65330B63-44AB-4EB0-8009-C9B71BF9BBEE}"
EndProject
Global
	GlobalSection(SolutionConfigurationPlatforms) = preSolution
		Debug|Any CPU = Debug|Any CPU
		Release|Any CPU = Release|Any CPU
	EndGlobalSection
	GlobalSection(ProjectConfigurationPlatforms) = postSolution
		{4580308F-915C-425B-B50F-0FD1971E2764}.Debug|Any CPU.ActiveCfg = Debug|Any CPU
		{4580308F-915C-425B-B50F-0FD1971E2764}.Debug|Any CPU.Build.0 = Debug|Any CPU
		{4580308F-915C-425B-B50F-0FD1971E2764}.Release|Any CPU.ActiveCfg = Release|Any CPU
		{4580308F-915C-425B-B50F-0FD1971E2764}.Release|Any CPU.Build.0 = Release|Any CPU
		{65330B63-44AB-4EB0-8009-C9B71BF9BBEE}.Debug|Any CPU.ActiveCfg = Debug|Any CPU
		{65330B63-44AB-4EB0-8009-C9B71BF9BBEE}.Debug|Any CPU.Build.0 = Debug|Any CPU
		{65330B63-44AB-4EB0-8009-C9B71BF9BBEE}.Release|Any CPU.ActiveCfg = Release|Any CPU
		{65330B63-44AB-4EB0-8009-C9B71BF9BBEE}.Release|Any CPU.Build.0 = Release|Any CPU
	EndGlobalSection
	GlobalSection(SolutionProperties) = preSolution
		HideSolutionNode = FALSE
	EndGlobalSection
	GlobalSection(ExtensibilityGlobals) = postSolution
		SolutionGuid = {341EACBA-F2C5-405D-9EE2-CF76CB716B22}
	EndGlobalSection
EndGlobal
